# This file is automatically @generated by Cargo.
# It is not intended for manual editing.
version = 3

[[package]]
name = "aho-corasick"
version = "0.6.4"
source = "registry+https://github.com/rust-lang/crates.io-index"
checksum = "d6531d44de723825aa81398a6415283229725a00fa30713812ab9323faa82fc4"
dependencies = [
 "memchr 2.0.1",
]

[[package]]
name = "antidote"
version = "1.0.0"
source = "registry+https://github.com/rust-lang/crates.io-index"
checksum = "34fde25430d87a9388dadbe6e34d7f72a462c8b43ac8d309b42b0a8505d7e2a5"

[[package]]
name = "arrayvec"
version = "0.4.7"
source = "registry+https://github.com/rust-lang/crates.io-index"
checksum = "a1e964f9e24d588183fcb43503abda40d288c8657dfc27311516ce2f05675aef"
dependencies = [
 "nodrop",
]

[[package]]
name = "base64"
version = "0.6.0"
source = "registry+https://github.com/rust-lang/crates.io-index"
checksum = "96434f987501f0ed4eb336a411e0631ecd1afa11574fe148587adc4ff96143c9"
dependencies = [
 "byteorder",
 "safemem",
]

[[package]]
name = "bitflags"
version = "1.0.1"
source = "registry+https://github.com/rust-lang/crates.io-index"
checksum = "b3c30d3802dfb7281680d6285f2ccdaa8c2d8fee41f93805dba5c4cf50dc23cf"

[[package]]
name = "byteorder"
version = "1.2.2"
source = "registry+https://github.com/rust-lang/crates.io-index"
checksum = "73b5bdfe7ee3ad0b99c9801d58807a9dbc9e09196365b0203853b99889ab3c87"

[[package]]
name = "cfg-if"
version = "0.1.2"
source = "registry+https://github.com/rust-lang/crates.io-index"
checksum = "d4c819a1287eb618df47cc647173c5c4c66ba19d888a6e50d605672aed3140de"

[[package]]
name = "cookie"
version = "0.9.2"
source = "registry+https://github.com/rust-lang/crates.io-index"
checksum = "477eb650753e319be2ae77ec368a58c638f9f0c4d941c39bad95e950fb1d1d0d"
dependencies = [
 "base64",
 "ring",
 "time",
 "url",
]

[[package]]
name = "crossbeam-deque"
version = "0.2.0"
source = "registry+https://github.com/rust-lang/crates.io-index"
checksum = "f739f8c5363aca78cfb059edf753d8f0d36908c348f3d8d1503f03d8b75d9cf3"
dependencies = [
 "crossbeam-epoch",
 "crossbeam-utils",
]

[[package]]
name = "crossbeam-epoch"
version = "0.3.1"
source = "registry+https://github.com/rust-lang/crates.io-index"
checksum = "927121f5407de9956180ff5e936fe3cf4324279280001cd56b669d28ee7e9150"
dependencies = [
 "arrayvec",
 "cfg-if",
 "crossbeam-utils",
 "lazy_static 1.0.0",
 "memoffset",
 "nodrop",
 "scopeguard",
]

[[package]]
name = "crossbeam-utils"
version = "0.2.2"
source = "registry+https://github.com/rust-lang/crates.io-index"
checksum = "2760899e32a1d58d5abb31129f8fae5de75220bc2176e77ff7c627ae45c918d9"
dependencies = [
 "cfg-if",
]

[[package]]
name = "diesel"
version = "1.4.6"
source = "registry+https://github.com/rust-lang/crates.io-index"
checksum = "047bfc4d5c3bd2ef6ca6f981941046113524b9a9f9a7cbdfdd7ff40f58e6f542"
dependencies = [
 "bitflags",
 "byteorder",
 "diesel_derives",
 "pq-sys",
]

[[package]]
name = "diesel_derives"
version = "1.4.1"
source = "registry+https://github.com/rust-lang/crates.io-index"
checksum = "45f5098f628d02a7a0f68ddba586fb61e80edec3bdc1be3b921f4ceec60858d3"
dependencies = [
 "proc-macro2 1.0.39",
 "quote 1.0.18",
 "syn 1.0.96",
]

[[package]]
name = "dotenv"
version = "0.9.0"
source = "registry+https://github.com/rust-lang/crates.io-index"
checksum = "400b347fe65ccfbd8f545c9d9a75d04b0caf23fec49aaa838a9a05398f94c019"
dependencies = [
 "regex",
]

[[package]]
name = "dtoa"
version = "0.4.2"
source = "registry+https://github.com/rust-lang/crates.io-index"
checksum = "09c3753c3db574d215cba4ea76018483895d7bff25a31b49ba45db21c48e50ab"

[[package]]
name = "fuchsia-zircon"
version = "0.3.3"
source = "registry+https://github.com/rust-lang/crates.io-index"
checksum = "2e9763c69ebaae630ba35f74888db465e49e259ba1bc0eda7d06f4a067615d82"
dependencies = [
 "bitflags",
 "fuchsia-zircon-sys",
]

[[package]]
name = "fuchsia-zircon-sys"
version = "0.3.3"
source = "registry+https://github.com/rust-lang/crates.io-index"
checksum = "3dcaa9ae7725d12cdb85b3ad99a434db70b468c09ded17e012d86b5c1010f7a7"

[[package]]
name = "gcc"
version = "0.3.54"
source = "registry+https://github.com/rust-lang/crates.io-index"
checksum = "5e33ec290da0d127825013597dbdfc28bee4964690c7ce1166cbc2a7bd08b1bb"

[[package]]
name = "httparse"
version = "1.2.4"
source = "registry+https://github.com/rust-lang/crates.io-index"
checksum = "c2f407128745b78abc95c0ffbe4e5d37427fdc0d45470710cfef8c44522a2e37"

[[package]]
name = "hyper"
version = "0.10.13"
source = "registry+https://github.com/rust-lang/crates.io-index"
checksum = "368cb56b2740ebf4230520e2b90ebb0461e69034d85d1945febd9b3971426db2"
dependencies = [
 "base64",
 "httparse",
 "language-tags",
 "log 0.3.9",
 "mime",
 "num_cpus",
 "time",
 "traitobject",
 "typeable",
 "unicase",
 "url",
]

[[package]]
name = "idna"
version = "0.1.4"
source = "registry+https://github.com/rust-lang/crates.io-index"
checksum = "014b298351066f1512874135335d62a789ffe78a9974f94b43ed5621951eaf7d"
dependencies = [
 "matches",
 "unicode-bidi",
 "unicode-normalization",
]

[[package]]
name = "isatty"
version = "0.1.7"
source = "registry+https://github.com/rust-lang/crates.io-index"
checksum = "a118a53ba42790ef25c82bb481ecf36e2da892646cccd361e69a6bb881e19398"
dependencies = [
 "kernel32-sys",
 "libc",
 "redox_syscall",
 "winapi 0.2.8",
]

[[package]]
name = "itoa"
version = "0.4.1"
source = "registry+https://github.com/rust-lang/crates.io-index"
checksum = "c069bbec61e1ca5a596166e55dfe4773ff745c3d16b700013bcaff9a6df2c682"

[[package]]
name = "kernel32-sys"
version = "0.2.2"
source = "registry+https://github.com/rust-lang/crates.io-index"
checksum = "7507624b29483431c0ba2d82aece8ca6cdba9382bff4ddd0f7490560c056098d"
dependencies = [
 "winapi 0.2.8",
 "winapi-build",
]

[[package]]
name = "language-tags"
version = "0.2.2"
source = "registry+https://github.com/rust-lang/crates.io-index"
checksum = "a91d884b6667cd606bb5a69aa0c99ba811a115fc68915e7056ec08a46e93199a"

[[package]]
name = "lazy_static"
version = "0.2.11"
source = "registry+https://github.com/rust-lang/crates.io-index"
checksum = "76f033c7ad61445c5b347c7382dd1237847eb1bce590fe50365dcb33d546be73"

[[package]]
name = "lazy_static"
version = "1.0.0"
source = "registry+https://github.com/rust-lang/crates.io-index"
checksum = "c8f31047daa365f19be14b47c29df4f7c3b581832407daabe6ae77397619237d"

[[package]]
name = "libc"
version = "0.2.40"
source = "registry+https://github.com/rust-lang/crates.io-index"
checksum = "6fd41f331ac7c5b8ac259b8bf82c75c0fb2e469bbf37d2becbba9a6a2221965b"

[[package]]
name = "log"
version = "0.3.9"
source = "registry+https://github.com/rust-lang/crates.io-index"
checksum = "e19e8d5c34a3e0e2223db8e060f9e8264aeeb5c5fc64a4ee9965c062211c024b"
dependencies = [
 "log 0.4.1",
]

[[package]]
name = "log"
version = "0.4.1"
source = "registry+https://github.com/rust-lang/crates.io-index"
checksum = "89f010e843f2b1a31dbd316b3b8d443758bc634bed37aabade59c686d644e0a2"
dependencies = [
 "cfg-if",
]

[[package]]
name = "matches"
version = "0.1.6"
source = "registry+https://github.com/rust-lang/crates.io-index"
checksum = "100aabe6b8ff4e4a7e32c1c13523379802df0772b82466207ac25b013f193376"

[[package]]
name = "memchr"
version = "1.0.2"
source = "registry+https://github.com/rust-lang/crates.io-index"
checksum = "148fab2e51b4f1cfc66da2a7c32981d1d3c083a803978268bb11fe4b86925e7a"
dependencies = [
 "libc",
]

[[package]]
name = "memchr"
version = "2.0.1"
source = "registry+https://github.com/rust-lang/crates.io-index"
checksum = "796fba70e76612589ed2ce7f45282f5af869e0fdd7cc6199fa1aa1f1d591ba9d"
dependencies = [
 "libc",
]

[[package]]
name = "memoffset"
version = "0.2.1"
source = "registry+https://github.com/rust-lang/crates.io-index"
checksum = "0f9dc261e2b62d7a622bf416ea3c5245cdd5d9a7fcc428c0d06804dfce1775b3"

[[package]]
name = "mime"
version = "0.2.6"
source = "registry+https://github.com/rust-lang/crates.io-index"
checksum = "ba626b8a6de5da682e1caa06bdb42a335aee5a84db8e5046a3e8ab17ba0a3ae0"
dependencies = [
 "log 0.3.9",
]

[[package]]
name = "nodrop"
version = "0.1.12"
source = "registry+https://github.com/rust-lang/crates.io-index"
checksum = "9a2228dca57108069a5262f2ed8bd2e82496d2e074a06d1ccc7ce1687b6ae0a2"

[[package]]
name = "num_cpus"
version = "1.8.0"
source = "registry+https://github.com/rust-lang/crates.io-index"
checksum = "c51a3322e4bca9d212ad9a158a02abc6934d005490c054a2778df73a70aa0a30"
dependencies = [
 "libc",
]

[[package]]
name = "ordermap"
version = "0.2.13"
source = "registry+https://github.com/rust-lang/crates.io-index"
checksum = "b81cf3b8cb96aa0e73bbedfcdc9708d09fec2854ba8d474be4e6f666d7379e8b"

[[package]]
name = "pear"
version = "0.0.16"
source = "registry+https://github.com/rust-lang/crates.io-index"
checksum = "b9b645aa07cf1010a67e9f67b4b9b96d6c5fb9315eee678a061d6ab58e9cb77f"

[[package]]
name = "pear_codegen"
version = "0.0.16"
source = "registry+https://github.com/rust-lang/crates.io-index"
checksum = "ca34109829349aeefe22772916da5404b3f5cd0e63a72c5d91209fc809342265"
dependencies = [
 "version_check",
 "yansi",
]

[[package]]
name = "percent-encoding"
version = "1.0.1"
source = "registry+https://github.com/rust-lang/crates.io-index"
checksum = "31010dd2e1ac33d5b46a5b413495239882813e0369f8ed8a5e266f173602f831"

[[package]]
name = "pq-sys"
version = "0.4.4"
source = "registry+https://github.com/rust-lang/crates.io-index"
checksum = "4dfb5e575ef93a1b7b2a381d47ba7c5d4e4f73bff37cee932195de769aad9a54"
dependencies = [
 "vcpkg",
]

[[package]]
name = "proc-macro2"
version = "0.3.6"
source = "registry+https://github.com/rust-lang/crates.io-index"
checksum = "49b6a521dc81b643e9a51e0d1cf05df46d5a2f3c0280ea72bcb68276ba64a118"
dependencies = [
 "unicode-xid",
]

[[package]]
name = "proc-macro2"
version = "1.0.39"
source = "registry+https://github.com/rust-lang/crates.io-index"
checksum = "c54b25569025b7fc9651de43004ae593a75ad88543b17178aa5e1b9c4f15f56f"
dependencies = [
 "unicode-ident",
]

[[package]]
name = "quote"
version = "0.5.2"
source = "registry+https://github.com/rust-lang/crates.io-index"
checksum = "9949cfe66888ffe1d53e6ec9d9f3b70714083854be20fd5e271b232a017401e8"
dependencies = [
 "proc-macro2 0.3.6",
]

[[package]]
name = "quote"
version = "1.0.18"
source = "registry+https://github.com/rust-lang/crates.io-index"
checksum = "a1feb54ed693b93a84e14094943b84b7c4eae204c512b7ccb95ab0c66d278ad1"
dependencies = [
 "proc-macro2 1.0.39",
]

[[package]]
name = "r2d2"
version = "0.8.2"
source = "registry+https://github.com/rust-lang/crates.io-index"
checksum = "f9078ca6a8a5568ed142083bb2f7dc9295b69d16f867ddcc9849e51b17d8db46"
dependencies = [
 "antidote",
 "log 0.4.1",
 "scheduled-thread-pool",
]

[[package]]
name = "r2d2-diesel"
version = "1.0.0"
source = "registry+https://github.com/rust-lang/crates.io-index"
checksum = "eb9c29bad92da76d02bc2c020452ebc3a3fe6fa74cfab91e711c43116e4fb1a3"
dependencies = [
 "diesel",
 "r2d2",
]

[[package]]
name = "rand"
version = "0.4.2"
source = "registry+https://github.com/rust-lang/crates.io-index"
checksum = "eba5f8cb59cc50ed56be8880a5c7b496bfd9bd26394e176bc67884094145c2c5"
dependencies = [
 "fuchsia-zircon",
 "libc",
 "winapi 0.3.4",
]

[[package]]
name = "rayon"
version = "0.7.1"
source = "registry+https://github.com/rust-lang/crates.io-index"
checksum = "a77c51c07654ddd93f6cb543c7a849863b03abc7e82591afda6dc8ad4ac3ac4a"
dependencies = [
 "rayon-core",
]

[[package]]
name = "rayon-core"
version = "1.4.0"
source = "registry+https://github.com/rust-lang/crates.io-index"
checksum = "9d24ad214285a7729b174ed6d3bcfcb80177807f959d95fafd5bfc5c4f201ac8"
dependencies = [
 "crossbeam-deque",
 "lazy_static 1.0.0",
 "libc",
 "num_cpus",
 "rand",
]

[[package]]
name = "redox_syscall"
version = "0.1.37"
source = "registry+https://github.com/rust-lang/crates.io-index"
checksum = "0d92eecebad22b767915e4d529f89f28ee96dbbf5a4810d2b844373f136417fd"

[[package]]
name = "regex"
version = "0.2.10"
source = "registry+https://github.com/rust-lang/crates.io-index"
checksum = "aec3f58d903a7d2a9dc2bf0e41a746f4530e0cab6b615494e058f67a3ef947fb"
dependencies = [
 "aho-corasick",
 "memchr 2.0.1",
 "regex-syntax",
 "thread_local",
 "utf8-ranges",
]

[[package]]
name = "regex-syntax"
version = "0.5.5"
source = "registry+https://github.com/rust-lang/crates.io-index"
checksum = "bd90079345f4a4c3409214734ae220fd773c6f2e8a543d07370c6c1c369cfbfb"
dependencies = [
 "ucd-util",
]

[[package]]
name = "ring"
version = "0.11.0"
source = "registry+https://github.com/rust-lang/crates.io-index"
checksum = "1f2a6dc7fc06a05e6de183c5b97058582e9da2de0c136eafe49609769c507724"
dependencies = [
 "gcc",
 "lazy_static 0.2.11",
 "libc",
 "rayon",
 "untrusted",
]

[[package]]
name = "rocket"
version = "0.3.8"
source = "registry+https://github.com/rust-lang/crates.io-index"
checksum = "c000cf7233aa997a19a43f77ddc80db11b58cdbbc12e2c1385bd62cbbace3964"
dependencies = [
 "base64",
 "cookie",
 "hyper",
 "isatty",
 "log 0.3.9",
 "memchr 1.0.2",
 "num_cpus",
 "ordermap",
 "pear",
 "pear_codegen",
 "smallvec",
 "state",
 "time",
 "toml",
 "url",
 "version_check",
 "yansi",
]

[[package]]
name = "rocket_codegen"
version = "0.3.8"
source = "registry+https://github.com/rust-lang/crates.io-index"
checksum = "645dd494d1340a4c16ba8decc4bb94d3e687a7e6b57552e2341dbf436b75ffaa"
dependencies = [
 "log 0.3.9",
 "rocket",
 "version_check",
 "yansi",
]

[[package]]
name = "rocket_contrib"
version = "0.3.8"
source = "registry+https://github.com/rust-lang/crates.io-index"
checksum = "2b1f97dc98bf6fa9a861e3c0c71f150f1110350eaaebe56516377d7f4316a51a"
dependencies = [
 "log 0.3.9",
 "rocket",
 "serde",
 "serde_json",
]

[[package]]
name = "rust-web-with-rocket"
version = "0.1.0"
dependencies = [
 "diesel",
 "dotenv",
 "r2d2",
 "r2d2-diesel",
 "rocket",
 "rocket_codegen",
 "rocket_contrib",
 "serde",
 "serde_derive",
 "serde_json",
]

[[package]]
name = "safemem"
version = "0.2.0"
source = "registry+https://github.com/rust-lang/crates.io-index"
checksum = "e27a8b19b835f7aea908818e871f5cc3a5a186550c30773be987e155e8163d8f"

[[package]]
name = "scheduled-thread-pool"
version = "0.2.0"
source = "registry+https://github.com/rust-lang/crates.io-index"
checksum = "1a2ff3fc5223829be817806c6441279c676e454cc7da608faf03b0ccc09d3889"
dependencies = [
 "antidote",
]

[[package]]
name = "scopeguard"
version = "0.3.3"
source = "registry+https://github.com/rust-lang/crates.io-index"
checksum = "94258f53601af11e6a49f722422f6e3425c52b06245a5cf9bc09908b174f5e27"

[[package]]
name = "serde"
version = "1.0.42"
source = "registry+https://github.com/rust-lang/crates.io-index"
checksum = "a73973861352c932ed1365ce22b32467ce260ac4c8db11cf750ce56334ff2dcf"

[[package]]
name = "serde_derive"
version = "1.0.42"
source = "registry+https://github.com/rust-lang/crates.io-index"
checksum = "b392c5a0cebb98121454531c50e60e2ffe0fbeb1a44da277da2d681d08d7dc0b"
dependencies = [
 "proc-macro2 0.3.6",
 "quote 0.5.2",
 "serde_derive_internals",
 "syn 0.13.1",
]

[[package]]
name = "serde_derive_internals"
version = "0.23.1"
source = "registry+https://github.com/rust-lang/crates.io-index"
checksum = "9d30c4596450fd7bbda79ef15559683f9a79ac0193ea819db90000d7e1cae794"
dependencies = [
 "proc-macro2 0.3.6",
 "syn 0.13.1",
]

[[package]]
name = "serde_json"
version = "1.0.16"
source = "registry+https://github.com/rust-lang/crates.io-index"
checksum = "8c6c4e049dc657a99e394bd85c22acbf97356feeec6dbf44150f2dcf79fb3118"
dependencies = [
 "dtoa",
 "itoa",
 "serde",
]

[[package]]
name = "smallvec"
version = "0.4.4"
source = "registry+https://github.com/rust-lang/crates.io-index"
checksum = "ee4f357e8cd37bf8822e1b964e96fd39e2cb5a0424f8aaa284ccaccc2162411c"

[[package]]
name = "state"
version = "0.4.0"
source = "registry+https://github.com/rust-lang/crates.io-index"
checksum = "d5562ac59585fe3d9a1ccf6b4e298ce773f5063db80d59f783776b410c1714c2"

[[package]]
name = "syn"
version = "0.13.1"
source = "registry+https://github.com/rust-lang/crates.io-index"
checksum = "91b52877572087400e83d24b9178488541e3d535259e04ff17a63df1e5ceff59"
dependencies = [
 "proc-macro2 0.3.6",
 "quote 0.5.2",
 "unicode-xid",
]

[[package]]
name = "syn"
version = "1.0.96"
source = "registry+https://github.com/rust-lang/crates.io-index"
checksum = "0748dd251e24453cb8717f0354206b91557e4ec8703673a4b30208f2abaf1ebf"
dependencies = [
 "proc-macro2 1.0.39",
 "quote 1.0.18",
 "unicode-ident",
]

[[package]]
name = "thread_local"
version = "0.3.5"
source = "registry+https://github.com/rust-lang/crates.io-index"
checksum = "279ef31c19ededf577bfd12dfae728040a21f635b06a24cd670ff510edd38963"
dependencies = [
 "lazy_static 1.0.0",
 "unreachable",
]

[[package]]
name = "time"
version = "0.1.39"
source = "registry+https://github.com/rust-lang/crates.io-index"
checksum = "a15375f1df02096fb3317256ce2cee6a1f42fc84ea5ad5fc8c421cfe40c73098"
dependencies = [
 "libc",
 "redox_syscall",
 "winapi 0.3.4",
]

[[package]]
name = "toml"
version = "0.4.6"
source = "registry+https://github.com/rust-lang/crates.io-index"
checksum = "a0263c6c02c4db6c8f7681f9fd35e90de799ebd4cfdeab77a38f4ff6b3d8c0d9"
dependencies = [
 "serde",
]

[[package]]
name = "traitobject"
version = "0.1.0"
source = "registry+https://github.com/rust-lang/crates.io-index"
checksum = "efd1f82c56340fdf16f2a953d7bda4f8fdffba13d93b00844c25572110b26079"

[[package]]
name = "typeable"
version = "0.1.2"
source = "registry+https://github.com/rust-lang/crates.io-index"
checksum = "1410f6f91f21d1612654e7cc69193b0334f909dcf2c790c4826254fbb86f8887"

[[package]]
name = "ucd-util"
version = "0.1.1"
source = "registry+https://github.com/rust-lang/crates.io-index"
checksum = "fd2be2d6639d0f8fe6cdda291ad456e23629558d466e2789d2c3e9892bda285d"

[[package]]
name = "unicase"
version = "1.4.2"
source = "registry+https://github.com/rust-lang/crates.io-index"
checksum = "7f4765f83163b74f957c797ad9253caf97f103fb064d3999aea9568d09fc8a33"
dependencies = [
 "version_check",
]

[[package]]
name = "unicode-bidi"
version = "0.3.4"
source = "registry+https://github.com/rust-lang/crates.io-index"
checksum = "49f2bd0c6468a8230e1db229cff8029217cf623c767ea5d60bfbd42729ea54d5"
dependencies = [
 "matches",
]

[[package]]
name = "unicode-ident"
version = "1.0.1"
source = "registry+https://github.com/rust-lang/crates.io-index"
checksum = "5bd2fe26506023ed7b5e1e315add59d6f584c621d037f9368fea9cfb988f368c"

[[package]]
name = "unicode-normalization"
version = "0.1.5"
source = "registry+https://github.com/rust-lang/crates.io-index"
checksum = "51ccda9ef9efa3f7ef5d91e8f9b83bbe6955f9bf86aec89d5cce2c874625920f"

[[package]]
name = "unicode-xid"
version = "0.1.0"
source = "registry+https://github.com/rust-lang/crates.io-index"
checksum = "fc72304796d0818e357ead4e000d19c9c174ab23dc11093ac919054d20a6a7fc"

[[package]]
name = "unreachable"
version = "1.0.0"
source = "registry+https://github.com/rust-lang/crates.io-index"
checksum = "382810877fe448991dfc7f0dd6e3ae5d58088fd0ea5e35189655f84e6814fa56"
dependencies = [
 "void",
]

[[package]]
name = "untrusted"
version = "0.5.1"
source = "registry+https://github.com/rust-lang/crates.io-index"
checksum = "f392d7819dbe58833e26872f5f6f0d68b7bbbe90fc3667e98731c4a15ad9a7ae"

[[package]]
name = "url"
version = "1.7.0"
source = "registry+https://github.com/rust-lang/crates.io-index"
checksum = "f808aadd8cfec6ef90e4a14eb46f24511824d1ac596b9682703c87056c8678b7"
dependencies = [
 "idna",
 "matches",
 "percent-encoding",
]

[[package]]
name = "utf8-ranges"
version = "1.0.0"
source = "registry+https://github.com/rust-lang/crates.io-index"
checksum = "662fab6525a98beff2921d7f61a39e7d59e0b425ebc7d0d9e66d316e55124122"

[[package]]
name = "vcpkg"
version = "0.2.3"
source = "registry+https://github.com/rust-lang/crates.io-index"
checksum = "7ed0f6789c8a85ca41bbc1c9d175422116a9869bd1cf31bb08e1493ecce60380"

[[package]]
name = "version_check"
version = "0.1.3"
source = "registry+https://github.com/rust-lang/crates.io-index"
checksum = "6b772017e347561807c1aa192438c5fd74242a670a6cffacc40f2defd1dc069d"

[[package]]
name = "void"
version = "1.0.2"
source = "registry+https://github.com/rust-lang/crates.io-index"
checksum = "6a02e4885ed3bc0f2de90ea6dd45ebcbb66dacffe03547fadbb0eeae2770887d"

[[package]]
name = "winapi"
version = "0.2.8"
source = "registry+https://github.com/rust-lang/crates.io-index"
checksum = "167dc9d6949a9b857f3451275e911c3f44255842c1f7a76f33c55103a909087a"

[[package]]
name = "winapi"
version = "0.3.4"
source = "registry+https://github.com/rust-lang/crates.io-index"
checksum = "04e3bd221fcbe8a271359c04f21a76db7d0c6028862d1bb5512d85e1e2eb5bb3"
dependencies = [
 "winapi-i686-pc-windows-gnu",
 "winapi-x86_64-pc-windows-gnu",
]

[[package]]
name = "winapi-build"
version = "0.1.1"
source = "registry+https://github.com/rust-lang/crates.io-index"
checksum = "2d315eee3b34aca4797b2da6b13ed88266e6d612562a0c46390af8299fc699bc"

[[package]]
name = "winapi-i686-pc-windows-gnu"
version = "0.4.0"
source = "registry+https://github.com/rust-lang/crates.io-index"
checksum = "ac3b87c63620426dd9b991e5ce0329eff545bccbbb34f3be09ff6fb6ab51b7b6"

[[package]]
name = "winapi-x86_64-pc-windows-gnu"
version = "0.4.0"
source = "registry+https://github.com/rust-lang/crates.io-index"
checksum = "712e227841d057c1ee1cd2fb22fa7e5a5461ae8e48fa2ca79ec42cfc1931183f"

[[package]]
name = "yansi"
version = "0.4.0"
source = "registry+https://github.com/rust-lang/crates.io-index"
checksum = "d60c3b48c9cdec42fb06b3b84b5b087405e1fa1c644a1af3930e4dfafe93de48"
